
Microsoft Visual Studio Solution File, Format Version 12.00
# Visual Studio 15
VisualStudioVersion = 15.0.26730.16
MinimumVisualStudioVersion = 10.0.40219.1
Project("{FAE04EC0-301F-11D3-BF4B-00C04F79EFBC}") = "WebApplication", "WebApplication\WebApplication.csproj", "{A9750EFE-442C-4A9E-AA2B-3A4C324D51EC}"
EndProject
Project("{FAE04EC0-301F-11D3-BF4B-00C04F79EFBC}") = "ApplicationLayer", "ApplicationLayer\ApplicationLayer.csproj", "{3224D339-F4F7-488D-8F78-BFC2CE4A8896}"
EndProject
Project("{FAE04EC0-301F-11D3-BF4B-00C04F79EFBC}") = "DomainLayer", "DomainLayer\DomainLayer.csproj", "{F9639FF8-5DEF-4AAF-9AE5-CDECC86F2C58}"
EndProject
Global
	GlobalSection(SolutionConfigurationPlatforms) = preSolution
		Debug|Any CPU = Debug|Any CPU
		Release|Any CPU = Release|Any CPU
	EndGlobalSection
	GlobalSection(ProjectConfigurationPlatforms) = postSolution
		{A9750EFE-442C-4A9E-AA2B-3A4C324D51EC}.Debug|Any CPU.ActiveCfg = Debug|Any CPU
		{A9750EFE-442C-4A9E-AA2B-3A4C324D51EC}.Debug|Any CPU.Build.0 = Debug|Any CPU
		{A9750EFE-442C-4A9E-AA2B-3A4C324D51EC}.Release|Any CPU.ActiveCfg = Release|Any CPU
		{A9750EFE-442C-4A9E-AA2B-3A4C324D51EC}.Release|Any CPU.Build.0 = Release|Any CPU
		{3224D339-F4F7-488D-8F78-BFC2CE4A8896}.Debug|Any CPU.ActiveCfg = Debug|Any CPU
		{3224D339-F4F7-488D-8F78-BFC2CE4A8896}.Debug|Any CPU.Build.0 = Debug|Any CPU
		{3224D339-F4F7-488D-8F78-BFC2CE4A8896}.Release|Any CPU.ActiveCfg = Release|Any CPU
		{3224D339-F4F7-488D-8F78-BFC2CE4A8896}.Release|Any CPU.Build.0 = Release|Any CPU
		{F9639FF8-5DEF-4AAF-9AE5-CDECC86F2C58}.Debug|Any CPU.ActiveCfg = Debug|Any CPU
		{F9639FF8-5DEF-4AAF-9AE5-CDECC86F2C58}.Debug|Any CPU.Build.0 = Debug|Any CPU
		{F9639FF8-5DEF-4AAF-9AE5-CDECC86F2C58}.Release|Any CPU.ActiveCfg = Release|Any CPU
		{F9639FF8-5DEF-4AAF-9AE5-CDECC86F2C58}.Release|Any CPU.Build.0 = Release|Any CPU
	EndGlobalSection
	GlobalSection(SolutionProperties) = preSolution
		HideSolutionNode = FALSE
	EndGlobalSection
	GlobalSection(ExtensibilityGlobals) = postSolution
		SolutionGuid = {4B559C58-369F-4828-B07C-A52681F842FC}
	EndGlobalSection
EndGlobal
